
Microsoft Visual Studio Solution File, Format Version 12.00
# Visual Studio 15
VisualStudioVersion = 15.0.28307.572
MinimumVisualStudioVersion = 10.0.40219.1
Project("{FAE04EC0-301F-11D3-BF4B-00C04F79EFBC}") = "WebApplication3", "WebApplication3\WebApplication3.csproj", "{D5D9760C-C08C-4F8D-AC60-E3C0D77FF4DE}"
EndProject
Project("{FAE04EC0-301F-11D3-BF4B-00C04F79EFBC}") = "Ident", "Ident\Ident.csproj", "{0D27CCF0-C87B-41E1-81BE-A8EB14BEBC2A}"
EndProject
Global
	GlobalSection(SolutionConfigurationPlatforms) = preSolution
		Debug|Any CPU = Debug|Any CPU
		Release|Any CPU = Release|Any CPU
	EndGlobalSection
	GlobalSection(ProjectConfigurationPlatforms) = postSolution
		{D5D9760C-C08C-4F8D-AC60-E3C0D77FF4DE}.Debug|Any CPU.ActiveCfg = Debug|Any CPU
		{D5D9760C-C08C-4F8D-AC60-E3C0D77FF4DE}.Debug|Any CPU.Build.0 = Debug|Any CPU
		{D5D9760C-C08C-4F8D-AC60-E3C0D77FF4DE}.Release|Any CPU.ActiveCfg = Release|Any CPU
		{D5D9760C-C08C-4F8D-AC60-E3C0D77FF4DE}.Release|Any CPU.Build.0 = Release|Any CPU
		{0D27CCF0-C87B-41E1-81BE-A8EB14BEBC2A}.Debug|Any CPU.ActiveCfg = Debug|Any CPU
		{0D27CCF0-C87B-41E1-81BE-A8EB14BEBC2A}.Debug|Any CPU.Build.0 = Debug|Any CPU
		{0D27CCF0-C87B-41E1-81BE-A8EB14BEBC2A}.Release|Any CPU.ActiveCfg = Release|Any CPU
		{0D27CCF0-C87B-41E1-81BE-A8EB14BEBC2A}.Release|Any CPU.Build.0 = Release|Any CPU
	EndGlobalSection
	GlobalSection(SolutionProperties) = preSolution
		HideSolutionNode = FALSE
	EndGlobalSection
	GlobalSection(ExtensibilityGlobals) = postSolution
		SolutionGuid = {7906FB9A-87CD-49AB-A1A1-3A688B193C0F}
	EndGlobalSection
EndGlobal
